Microsoft Visual Studio Solution File, Format Version 12.00
# Visual Studio Version 17
VisualStudioVersion = 17.5.2.0
MinimumVisualStudioVersion = 10.0.40219.1
Project("{FAE04EC0-301F-11D3-BF4B-00C04F79EFBC}") = "stationService", "stationService.csproj", "{9D533CB6-B9CC-4F6A-3CFB-D9475AD7C4F3}"
EndProject
Global
	GlobalSection(SolutionConfigurationPlatforms) = preSolution
		Debug|Any CPU = Debug|Any CPU
		Release|Any CPU = Release|Any CPU
	EndGlobalSection
	GlobalSection(ProjectConfigurationPlatforms) = postSolution
		{9D533CB6-B9CC-4F6A-3CFB-D9475AD7C4F3}.Debug|Any CPU.ActiveCfg = Debug|Any CPU
		{9D533CB6-B9CC-4F6A-3CFB-D9475AD7C4F3}.Debug|Any CPU.Build.0 = Debug|Any CPU
		{9D533CB6-B9CC-4F6A-3CFB-D9475AD7C4F3}.Release|Any CPU.ActiveCfg = Release|Any CPU
		{9D533CB6-B9CC-4F6A-3CFB-D9475AD7C4F3}.Release|Any CPU.Build.0 = Release|Any CPU
	EndGlobalSection
	GlobalSection(SolutionProperties) = preSolution
		HideSolutionNode = FALSE
	EndGlobalSection
	GlobalSection(ExtensibilityGlobals) = postSolution
		SolutionGuid = {3386121C-8566-4847-8C8E-CBA2BDD4833D}
	EndGlobalSection
EndGlobal
